
Microsoft Visual Studio Solution File, Format Version 12.00
# Visual Studio Version 17
VisualStudioVersion = 17.10.35122.118
MinimumVisualStudioVersion = 10.0.40219.1
Project("{9A19103F-16F7-4668-BE54-9A1E7A4F7556}") = "jo-azure-fn-app", "jo-azure-fn-app.csproj", "{A34900E8-711F-4A52-967D-1F548E664200}"
EndProject
Global
	GlobalSection(SolutionConfigurationPlatforms) = preSolution
		Debug|Any CPU = Debug|Any CPU
		Release|Any CPU = Release|Any CPU
	EndGlobalSection
	GlobalSection(ProjectConfigurationPlatforms) = postSolution
		{A34900E8-711F-4A52-967D-1F548E664200}.Debug|Any CPU.ActiveCfg = Debug|Any CPU
		{A34900E8-711F-4A52-967D-1F548E664200}.Debug|Any CPU.Build.0 = Debug|Any CPU
		{A34900E8-711F-4A52-967D-1F548E664200}.Release|Any CPU.ActiveCfg = Release|Any CPU
		{A34900E8-711F-4A52-967D-1F548E664200}.Release|Any CPU.Build.0 = Release|Any CPU
	EndGlobalSection
	GlobalSection(SolutionProperties) = preSolution
		HideSolutionNode = FALSE
	EndGlobalSection
	GlobalSection(ExtensibilityGlobals) = postSolution
		SolutionGuid = {65B28202-0862-4585-99A1-2FB13347336A}
	EndGlobalSection
EndGlobal
